PODS:
  - Firebase (2.5.1)
  - SwiftyJSON (2.3.2)

DEPENDENCIES:
  - Firebase (>= 2.5.1)
  - SwiftyJSON (~> 2.1)

SPEC CHECKSUMS:
  Firebase: 3565ea88b830f28f2c77ecc524622bc71a20d085
  SwiftyJSON: 04ccea08915aa0109039157c7974cf0298da292a

PODFILE CHECKSUM: df944189bd99f60f25721b88b8e337fdf1a1e0f1

COCOAPODS: 1.0.0.beta.6
