// !$*UTF8*$!
{
	archiveVersion = 1;
	classes = {
	};
	objectVersion = 46;
	objects = {

/* Begin PBXBuildFile section */
		9146D6F1FAC73FBE95C9633A /* Pods_CodeBlox.framework in Frameworks */ = {isa = PBXBuildFile; fileRef = 2688BAD4489AD9190FD39FE8 /* Pods_CodeBlox.framework */; };
		CA0197EF1CC480EB00293505 /* ScoreViewController.swift in Sources */ = {isa = PBXBuildFile; fileRef = CA0197EE1CC480EB00293505 /* ScoreViewController.swift */; };
		CA1B2D331CC5729900BE383D /* MeterView.swift in Sources */ = {isa = PBXBuildFile; fileRef = CA1B2D321CC5729900BE383D /* MeterView.swift */; };
		CA210C0C1CC7C2F0007CE870 /* HackerEarthServiceObject.swift in Sources */ = {isa = PBXBuildFile; fileRef = CA210C0B1CC7C2F0007CE870 /* HackerEarthServiceObject.swift */; };
		CA210C0E1CC7CA81007CE870 /* SwiftyJSON.swift in Sources */ = {isa = PBXBuildFile; fileRef = CA210C0D1CC7CA81007CE870 /* SwiftyJSON.swift */; };
		CA30FFDB1CD3CB0400043364 /* GameKit.framework in Frameworks */ = {isa = PBXBuildFile; fileRef = CA30FFDA1CD3CB0400043364 /* GameKit.framework */; };
		CA545CD91CB48D1C00558615 /* PuzzlePiece.swift in Sources */ = {isa = PBXBuildFile; fileRef = CA545CD81CB48D1C00558615 /* PuzzlePiece.swift */; };
		CA545CDD1CB48FDF00558615 /* Puzzle.swift in Sources */ = {isa = PBXBuildFile; fileRef = CA545CDC1CB48FDF00558615 /* Puzzle.swift */; };
		CA545CDF1CB4BA7200558615 /* DifficultyViewController.swift in Sources */ = {isa = PBXBuildFile; fileRef = CA545CDE1CB4BA7200558615 /* DifficultyViewController.swift */; };
		CA545CE21CB54F2F00558615 /* PuzzleTableViewController.swift in Sources */ = {isa = PBXBuildFile; fileRef = CA545CE11CB54F2F00558615 /* PuzzleTableViewController.swift */; };
		CA545CE61CB57FF300558615 /* PuzzleViewController.swift in Sources */ = {isa = PBXBuildFile; fileRef = CA545CE51CB57FF300558615 /* PuzzleViewController.swift */; };
		CA545CE91CB5803200558615 /* Main.storyboard in Resources */ = {isa = PBXBuildFile; fileRef = CA545CE71CB5803200558615 /* Main.storyboard */; };
		CA54D97A1CB487AC008C2B4B /* AppDelegate.swift in Sources */ = {isa = PBXBuildFile; fileRef = CA54D9791CB487AC008C2B4B /* AppDelegate.swift */; };
		CA54D97C1CB487AC008C2B4B /* ViewController.swift in Sources */ = {isa = PBXBuildFile; fileRef = CA54D97B1CB487AC008C2B4B /* ViewController.swift */; };
		CA54D9821CB487AC008C2B4B /* CodeBlox.xcdatamodeld in Sources */ = {isa = PBXBuildFile; fileRef = CA54D9801CB487AC008C2B4B /* CodeBlox.xcdatamodeld */; };
		CA54D9841CB487AC008C2B4B /* Assets.xcassets in Resources */ = {isa = PBXBuildFile; fileRef = CA54D9831CB487AC008C2B4B /* Assets.xcassets */; };
		CA54D9871CB487AC008C2B4B /* LaunchScreen.storyboard in Resources */ = {isa = PBXBuildFile; fileRef = CA54D9851CB487AC008C2B4B /* LaunchScreen.storyboard */; };
		CA578CD31CBC42C6000ADB36 /* Game.swift in Sources */ = {isa = PBXBuildFile; fileRef = CA578CD21CBC42C6000ADB36 /* Game.swift */; };
		CA579BDB1CD3D37E00FC717A /* EasyGameCenter.swift in Sources */ = {isa = PBXBuildFile; fileRef = CA579BDA1CD3D37E00FC717A /* EasyGameCenter.swift */; };
		CA579BDD1CD3D3AE00FC717A /* SystemConfiguration.framework in Frameworks */ = {isa = PBXBuildFile; fileRef = CA579BDC1CD3D3AE00FC717A /* SystemConfiguration.framework */; };
		CA9BEFBD1CC6ED2000265A64 /* GameCenterViewController.swift in Sources */ = {isa = PBXBuildFile; fileRef = CA9BEFBC1CC6ED2000265A64 /* GameCenterViewController.swift */; };
		CAADF5F91CCE741A00612E47 /* LevelTableViewCell.swift in Sources */ = {isa = PBXBuildFile; fileRef = CAADF5F81CCE741A00612E47 /* LevelTableViewCell.swift */; };
		CAC0D26A1CB48B8A00AE9D9C /* FirebaseServiceObject.swift in Sources */ = {isa = PBXBuildFile; fileRef = CAC0D2691CB48B8A00AE9D9C /* FirebaseServiceObject.swift */; };
/* End PBXBuildFile section */

/* Begin PBXFileReference section */
		2688BAD4489AD9190FD39FE8 /* Pods_CodeBlox.framework */ = {isa = PBXFileReference; explicitFileType = wrapper.framework; includeInIndex = 0; path = Pods_CodeBlox.framework; sourceTree = BUILT_PRODUCTS_DIR; };
		4E46FA77B32414BE47DADE00 /* Pods-CodeBlox.debug.xcconfig */ = {isa = PBXFileReference; includeInIndex = 1; lastKnownFileType = text.xcconfig; name = "Pods-CodeBlox.debug.xcconfig"; path = "Pods/Target Support Files/Pods-CodeBlox/Pods-CodeBlox.debug.xcconfig"; sourceTree = "<group>"; };
		AE796D87B4413432E9D5E68E /* Pods-CodeBlox.release.xcconfig */ = {isa = PBXFileReference; includeInIndex = 1; lastKnownFileType = text.xcconfig; name = "Pods-CodeBlox.release.xcconfig"; path = "Pods/Target Support Files/Pods-CodeBlox/Pods-CodeBlox.release.xcconfig"; sourceTree = "<group>"; };
		CA0197EE1CC480EB00293505 /* ScoreViewController.swift */ = {isa = PBXFileReference; fileEncoding = 4; lastKnownFileType = sourcecode.swift; path = ScoreViewController.swift; sourceTree = "<group>"; };
		CA1B2D321CC5729900BE383D /* MeterView.swift */ = {isa = PBXFileReference; fileEncoding = 4; lastKnownFileType = sourcecode.swift; path = MeterView.swift; sourceTree = "<group>"; };
		CA210C0B1CC7C2F0007CE870 /* HackerEarthServiceObject.swift */ = {isa = PBXFileReference; fileEncoding = 4; lastKnownFileType = sourcecode.swift; path = HackerEarthServiceObject.swift; sourceTree = "<group>"; };
		CA210C0D1CC7CA81007CE870 /* SwiftyJSON.swift */ = {isa = PBXFileReference; fileEncoding = 4; lastKnownFileType = sourcecode.swift; path = SwiftyJSON.swift; sourceTree = "<group>"; };
		CA30FFDA1CD3CB0400043364 /* GameKit.framework */ = {isa = PBXFileReference; lastKnownFileType = wrapper.framework; name = GameKit.framework; path = System/Library/Frameworks/GameKit.framework; sourceTree = SDKROOT; };
		CA545CD81CB48D1C00558615 /* PuzzlePiece.swift */ = {isa = PBXFileReference; fileEncoding = 4; lastKnownFileType = sourcecode.swift; path = PuzzlePiece.swift; sourceTree = "<group>"; };
		CA545CDC1CB48FDF00558615 /* Puzzle.swift */ = {isa = PBXFileReference; fileEncoding = 4; lastKnownFileType = sourcecode.swift; path = Puzzle.swift; sourceTree = "<group>"; };
		CA545CDE1CB4BA7200558615 /* DifficultyViewController.swift */ = {isa = PBXFileReference; fileEncoding = 4; lastKnownFileType = sourcecode.swift; path = DifficultyViewController.swift; sourceTree = "<group>"; };
		CA545CE11CB54F2F00558615 /* PuzzleTableViewController.swift */ = {isa = PBXFileReference; fileEncoding = 4; lastKnownFileType = sourcecode.swift; path = PuzzleTableViewController.swift; sourceTree = "<group>"; };
		CA545CE51CB57FF300558615 /* PuzzleViewController.swift */ = {isa = PBXFileReference; fileEncoding = 4; lastKnownFileType = sourcecode.swift; path = PuzzleViewController.swift; sourceTree = "<group>"; };
		CA545CE81CB5803200558615 /* Base */ = {isa = PBXFileReference; lastKnownFileType = file.storyboard; name = Base; path = Base.lproj/Main.storyboard; sourceTree = "<group>"; };
		CA54D9761CB487AC008C2B4B /* CodeBlox.app */ = {isa = PBXFileReference; explicitFileType = wrapper.application; includeInIndex = 0; path = CodeBlox.app; sourceTree = BUILT_PRODUCTS_DIR; };
		CA54D9791CB487AC008C2B4B /* AppDelegate.swift */ = {isa = PBXFileReference; lastKnownFileType = sourcecode.swift; path = AppDelegate.swift; sourceTree = "<group>"; };
		CA54D97B1CB487AC008C2B4B /* ViewController.swift */ = {isa = PBXFileReference; lastKnownFileType = sourcecode.swift; path = ViewController.swift; sourceTree = "<group>"; };
		CA54D9811CB487AC008C2B4B /* CodeBlox.xcdatamodel */ = {isa = PBXFileReference; lastKnownFileType = wrapper.xcdatamodel; path = CodeBlox.xcdatamodel; sourceTree = "<group>"; };
		CA54D9831CB487AC008C2B4B /* Assets.xcassets */ = {isa = PBXFileReference; lastKnownFileType = folder.assetcatalog; path = Assets.xcassets; sourceTree = "<group>"; };
		CA54D9861CB487AC008C2B4B /* Base */ = {isa = PBXFileReference; lastKnownFileType = file.storyboard; name = Base; path = Base.lproj/LaunchScreen.storyboard; sourceTree = "<group>"; };
		CA54D9881CB487AC008C2B4B /* Info.plist */ = {isa = PBXFileReference; lastKnownFileType = text.plist.xml; path = Info.plist; sourceTree = "<group>"; };
		CA578CD21CBC42C6000ADB36 /* Game.swift */ = {isa = PBXFileReference; fileEncoding = 4; lastKnownFileType = sourcecode.swift; path = Game.swift; sourceTree = "<group>"; };
		CA579BDA1CD3D37E00FC717A /* EasyGameCenter.swift */ = {isa = PBXFileReference; fileEncoding = 4; lastKnownFileType = sourcecode.swift; path = EasyGameCenter.swift; sourceTree = "<group>"; };
		CA579BDC1CD3D3AE00FC717A /* SystemConfiguration.framework */ = {isa = PBXFileReference; lastKnownFileType = wrapper.framework; name = SystemConfiguration.framework; path = System/Library/Frameworks/SystemConfiguration.framework; sourceTree = SDKROOT; };
		CA9BEFBC1CC6ED2000265A64 /* GameCenterViewController.swift */ = {isa = PBXFileReference; fileEncoding = 4; lastKnownFileType = sourcecode.swift; path = GameCenterViewController.swift; sourceTree = "<group>"; };
		CAADF5F81CCE741A00612E47 /* LevelTableViewCell.swift */ = {isa = PBXFileReference; fileEncoding = 4; lastKnownFileType = sourcecode.swift; name = LevelTableViewCell.swift; path = ../LevelTableViewCell.swift; sourceTree = "<group>"; };
		CAC0D2691CB48B8A00AE9D9C /* FirebaseServiceObject.swift */ = {isa = PBXFileReference; fileEncoding = 4; lastKnownFileType = sourcecode.swift; path = FirebaseServiceObject.swift; sourceTree = "<group>"; };
/* End PBXFileReference section */

/* Begin PBXFrameworksBuildPhase section */
		CA54D9731CB487AC008C2B4B /* Frameworks */ = {
			isa = PBXFrameworksBuildPhase;
			buildActionMask = 2147483647;
			files = (
				CA579BDD1CD3D3AE00FC717A /* SystemConfiguration.framework in Frameworks */,
				9146D6F1FAC73FBE95C9633A /* Pods_CodeBlox.framework in Frameworks */,
				CA30FFDB1CD3CB0400043364 /* GameKit.framework in Frameworks */,
			);
			runOnlyForDeploymentPostprocessing = 0;
		};
/* End PBXFrameworksBuildPhase section */

/* Begin PBXGroup section */
		32D45C7F314F7BF9A2948E92 /* Pods */ = {
			isa = PBXGroup;
			children = (
				4E46FA77B32414BE47DADE00 /* Pods-CodeBlox.debug.xcconfig */,
				AE796D87B4413432E9D5E68E /* Pods-CodeBlox.release.xcconfig */,
			);
			name = Pods;
			sourceTree = "<group>";
		};
		388CA13BF65AF3E3F429A37D /* Frameworks */ = {
			isa = PBXGroup;
			children = (
				CA579BDC1CD3D3AE00FC717A /* SystemConfiguration.framework */,
				CA30FFDA1CD3CB0400043364 /* GameKit.framework */,
				2688BAD4489AD9190FD39FE8 /* Pods_CodeBlox.framework */,
			);
			name = Frameworks;
			sourceTree = "<group>";
		};
		CA545CE01CB54EFC00558615 /* ViewControllers */ = {
			isa = PBXGroup;
			children = (
				CA54D97B1CB487AC008C2B4B /* ViewController.swift */,
				CA545CDE1CB4BA7200558615 /* DifficultyViewController.swift */,
				CA545CE11CB54F2F00558615 /* PuzzleTableViewController.swift */,
				CA545CE51CB57FF300558615 /* PuzzleViewController.swift */,
				CA0197EE1CC480EB00293505 /* ScoreViewController.swift */,
				CA9BEFBC1CC6ED2000265A64 /* GameCenterViewController.swift */,
			);
			name = ViewControllers;
			sourceTree = "<group>";
		};
		CA54D96D1CB487AC008C2B4B = {
			isa = PBXGroup;
			children = (
				CA54D9781CB487AC008C2B4B /* CodeBlox */,
				CA54D9771CB487AC008C2B4B /* Products */,
				32D45C7F314F7BF9A2948E92 /* Pods */,
				388CA13BF65AF3E3F429A37D /* Frameworks */,
			);
			sourceTree = "<group>";
		};
		CA54D9771CB487AC008C2B4B /* Products */ = {
			isa = PBXGroup;
			children = (
				CA54D9761CB487AC008C2B4B /* CodeBlox.app */,
			);
			name = Products;
			sourceTree = "<group>";
		};
		CA54D9781CB487AC008C2B4B /* CodeBlox */ = {
			isa = PBXGroup;
			children = (
				CA54D9791CB487AC008C2B4B /* AppDelegate.swift */,
				CA579BDA1CD3D37E00FC717A /* EasyGameCenter.swift */,
				CA210C0D1CC7CA81007CE870 /* SwiftyJSON.swift */,
				CA545CE01CB54EFC00558615 /* ViewControllers */,
				CA578CCF1CBC4266000ADB36 /* Objects */,
				CA54D9831CB487AC008C2B4B /* Assets.xcassets */,
				CA578CD41CBC7711000ADB36 /* Storyboards */,
				CA578CD51CBC7727000ADB36 /* etc */,
			);
			path = CodeBlox;
			sourceTree = "<group>";
		};
		CA578CCF1CBC4266000ADB36 /* Objects */ = {
			isa = PBXGroup;
			children = (
				CAADF5F81CCE741A00612E47 /* LevelTableViewCell.swift */,
				CAC0D2691CB48B8A00AE9D9C /* FirebaseServiceObject.swift */,
				CA545CDC1CB48FDF00558615 /* Puzzle.swift */,
				CA545CD81CB48D1C00558615 /* PuzzlePiece.swift */,
				CA578CD21CBC42C6000ADB36 /* Game.swift */,
				CA1B2D321CC5729900BE383D /* MeterView.swift */,
				CA210C0B1CC7C2F0007CE870 /* HackerEarthServiceObject.swift */,
			);
			name = Objects;
			sourceTree = "<group>";
		};
		CA578CD41CBC7711000ADB36 /* Storyboards */ = {
			isa = PBXGroup;
			children = (
				CA54D9851CB487AC008C2B4B /* LaunchScreen.storyboard */,
				CA545CE71CB5803200558615 /* Main.storyboard */,
			);
			name = Storyboards;
			sourceTree = "<group>";
		};
		CA578CD51CBC7727000ADB36 /* etc */ = {
			isa = PBXGroup;
			children = (
				CA54D9801CB487AC008C2B4B /* CodeBlox.xcdatamodeld */,
				CA54D9881CB487AC008C2B4B /* Info.plist */,
			);
			name = etc;
			sourceTree = "<group>";
		};
/* End PBXGroup section */

/* Begin PBXNativeTarget section */
		CA54D9751CB487AC008C2B4B /* CodeBlox */ = {
			isa = PBXNativeTarget;
			buildConfigurationList = CA54D98B1CB487AC008C2B4B /* Build configuration list for PBXNativeTarget "CodeBlox" */;
			buildPhases = (
				13CDBF336A1F79EBD9B04F88 /* 📦 Check Pods Manifest.lock */,
				CA54D9721CB487AC008C2B4B /* Sources */,
				CA54D9731CB487AC008C2B4B /* Frameworks */,
				CA54D9741CB487AC008C2B4B /* Resources */,
				F13F195911F9E4504956DAD1 /* 📦 Embed Pods Frameworks */,
				E7FAF90E1CAF4648E93D8A72 /* 📦 Copy Pods Resources */,
			);
			buildRules = (
			);
			dependencies = (
			);
			name = CodeBlox;
			productName = CodeBlox;
			productReference = CA54D9761CB487AC008C2B4B /* CodeBlox.app */;
			productType = "com.apple.product-type.application";
		};
/* End PBXNativeTarget section */

/* Begin PBXProject section */
		CA54D96E1CB487AC008C2B4B /* Project object */ = {
			isa = PBXProject;
			attributes = {
				LastSwiftUpdateCheck = 0720;
				LastUpgradeCheck = 0720;
				ORGANIZATIONNAME = "Yucheng Lin & Marshall Sprigg";
				TargetAttributes = {
					CA54D9751CB487AC008C2B4B = {
						CreatedOnToolsVersion = 7.2.1;
						DevelopmentTeam = 8UF42U25CY;
						SystemCapabilities = {
							com.apple.GameCenter = {
								enabled = 1;
							};
						};
					};
				};
			};
			buildConfigurationList = CA54D9711CB487AC008C2B4B /* Build configuration list for PBXProject "CodeBlox" */;
			compatibilityVersion = "Xcode 3.2";
			developmentRegion = English;
			hasScannedForEncodings = 0;
			knownRegions = (
				en,
				Base,
			);
			mainGroup = CA54D96D1CB487AC008C2B4B;
			productRefGroup = CA54D9771CB487AC008C2B4B /* Products */;
			projectDirPath = "";
			projectRoot = "";
			targets = (
				CA54D9751CB487AC008C2B4B /* CodeBlox */,
			);
		};
/* End PBXProject section */

/* Begin PBXResourcesBuildPhase section */
		CA54D9741CB487AC008C2B4B /* Resources */ = {
			isa = PBXResourcesBuildPhase;
			buildActionMask = 2147483647;
			files = (
				CA545CE91CB5803200558615 /* Main.storyboard in Resources */,
				CA54D9871CB487AC008C2B4B /* LaunchScreen.storyboard in Resources */,
				CA54D9841CB487AC008C2B4B /* Assets.xcassets in Resources */,
			);
			runOnlyForDeploymentPostprocessing = 0;
		};
/* End PBXResourcesBuildPhase section */

/* Begin PBXShellScriptBuildPhase section */
		13CDBF336A1F79EBD9B04F88 /* 📦 Check Pods Manifest.lock */ = {
			isa = PBXShellScriptBuildPhase;
			buildActionMask = 2147483647;
			files = (
			);
			inputPaths = (
			);
			name = "📦 Check Pods Manifest.lock";
			outputPaths = (
			);
			runOnlyForDeploymentPostprocessing = 0;
			shellPath = /bin/sh;
			shellScript = "diff \"${PODS_ROOT}/../Podfile.lock\" \"${PODS_ROOT}/Manifest.lock\" > /dev/null\nif [[ $? != 0 ]] ; then\n    cat << EOM\nerror: The sandbox is not in sync with the Podfile.lock. Run 'pod install' or update your CocoaPods installation.\nEOM\n    exit 1\nfi\n";
			showEnvVarsInLog = 0;
		};
		E7FAF90E1CAF4648E93D8A72 /* 📦 Copy Pods Resources */ = {
			isa = PBXShellScriptBuildPhase;
			buildActionMask = 2147483647;
			files = (
			);
			inputPaths = (
			);
			name = "📦 Copy Pods Resources";
			outputPaths = (
			);
			runOnlyForDeploymentPostprocessing = 0;
			shellPath = /bin/sh;
			shellScript = "\"${SRCROOT}/Pods/Target Support Files/Pods-CodeBlox/Pods-CodeBlox-resources.sh\"\n";
			showEnvVarsInLog = 0;
		};
		F13F195911F9E4504956DAD1 /* 📦 Embed Pods Frameworks */ = {
			isa = PBXShellScriptBuildPhase;
			buildActionMask = 2147483647;
			files = (
			);
			inputPaths = (
			);
			name = "📦 Embed Pods Frameworks";
			outputPaths = (
			);
			runOnlyForDeploymentPostprocessing = 0;
			shellPath = /bin/sh;
			shellScript = "\"${SRCROOT}/Pods/Target Support Files/Pods-CodeBlox/Pods-CodeBlox-frameworks.sh\"\n";
			showEnvVarsInLog = 0;
		};
/* End PBXShellScriptBuildPhase section */

/* Begin PBXSourcesBuildPhase section */
		CA54D9721CB487AC008C2B4B /* Sources */ = {
			isa = PBXSourcesBuildPhase;
			buildActionMask = 2147483647;
			files = (
				CA54D97C1CB487AC008C2B4B /* ViewController.swift in Sources */,
				CA0197EF1CC480EB00293505 /* ScoreViewController.swift in Sources */,
				CA210C0C1CC7C2F0007CE870 /* HackerEarthServiceObject.swift in Sources */,
				CA1B2D331CC5729900BE383D /* MeterView.swift in Sources */,
				CA578CD31CBC42C6000ADB36 /* Game.swift in Sources */,
				CA545CE61CB57FF300558615 /* PuzzleViewController.swift in Sources */,
				CA545CD91CB48D1C00558615 /* PuzzlePiece.swift in Sources */,
				CA9BEFBD1CC6ED2000265A64 /* GameCenterViewController.swift in Sources */,
				CAADF5F91CCE741A00612E47 /* LevelTableViewCell.swift in Sources */,
				CA579BDB1CD3D37E00FC717A /* EasyGameCenter.swift in Sources */,
				CA54D97A1CB487AC008C2B4B /* AppDelegate.swift in Sources */,
				CA545CE21CB54F2F00558615 /* PuzzleTableViewController.swift in Sources */,
				CA210C0E1CC7CA81007CE870 /* SwiftyJSON.swift in Sources */,
				CA545CDF1CB4BA7200558615 /* DifficultyViewController.swift in Sources */,
				CA545CDD1CB48FDF00558615 /* Puzzle.swift in Sources */,
				CA54D9821CB487AC008C2B4B /* CodeBlox.xcdatamodeld in Sources */,
				CAC0D26A1CB48B8A00AE9D9C /* FirebaseServiceObject.swift in Sources */,
			);
			runOnlyForDeploymentPostprocessing = 0;
		};
/* End PBXSourcesBuildPhase section */

/* Begin PBXVariantGroup section */
		CA545CE71CB5803200558615 /* Main.storyboard */ = {
			isa = PBXVariantGroup;
			children = (
				CA545CE81CB5803200558615 /* Base */,
			);
			name = Main.storyboard;
			sourceTree = "<group>";
		};
		CA54D9851CB487AC008C2B4B /* LaunchScreen.storyboard */ = {
			isa = PBXVariantGroup;
			children = (
				CA54D9861CB487AC008C2B4B /* Base */,
			);
			name = LaunchScreen.storyboard;
			sourceTree = "<group>";
		};
/* End PBXVariantGroup section */

/* Begin XCBuildConfiguration section */
		CA54D9891CB487AC008C2B4B /* Debug */ = {
			isa = XCBuildConfiguration;
			buildSettings = {
				ALWAYS_SEARCH_USER_PATHS = NO;
				CLANG_CXX_LANGUAGE_STANDARD = "gnu++0x";
				CLANG_CXX_LIBRARY = "libc++";
				CLANG_ENABLE_MODULES = YES;
				CLANG_ENABLE_OBJC_ARC = YES;
				CLANG_WARN_BOOL_CONVERSION = YES;
				CLANG_WARN_CONSTANT_CONVERSION = YES;
				CLANG_WARN_DIRECT_OBJC_ISA_USAGE = YES_ERROR;
				CLANG_WARN_EMPTY_BODY = YES;
				CLANG_WARN_ENUM_CONVERSION = YES;
				CLANG_WARN_INT_CONVERSION = YES;
				CLANG_WARN_OBJC_ROOT_CLASS = YES_ERROR;
				CLANG_WARN_UNREACHABLE_CODE = YES;
				CLANG_WARN__DUPLICATE_METHOD_MATCH = YES;
				"CODE_SIGN_IDENTITY[sdk=iphoneos*]" = "iPhone Developer";
				COPY_PHASE_STRIP = NO;
				DEBUG_INFORMATION_FORMAT = dwarf;
				ENABLE_STRICT_OBJC_MSGSEND = YES;
				ENABLE_TESTABILITY = YES;
				GCC_C_LANGUAGE_STANDARD = gnu99;
				GCC_DYNAMIC_NO_PIC = NO;
				GCC_NO_COMMON_BLOCKS = YES;
				GCC_OPTIMIZATION_LEVEL = 0;
				GCC_PREPROCESSOR_DEFINITIONS = (
					"DEBUG=1",
					"$(inherited)",
				);
				GCC_WARN_64_TO_32_BIT_CONVERSION = YES;
				GCC_WARN_ABOUT_RETURN_TYPE = YES_ERROR;
				GCC_WARN_UNDECLARED_SELECTOR = YES;
				GCC_WARN_UNINITIALIZED_AUTOS = YES_AGGRESSIVE;
				GCC_WARN_UNUSED_FUNCTION = YES;
				GCC_WARN_UNUSED_VARIABLE = YES;
				IPHONEOS_DEPLOYMENT_TARGET = 9.2;
				MTL_ENABLE_DEBUG_INFO = YES;
				ONLY_ACTIVE_ARCH = YES;
				SDKROOT = iphoneos;
				SWIFT_OPTIMIZATION_LEVEL = "-Onone";
				TARGETED_DEVICE_FAMILY = "1,2";
			};
			name = Debug;
		};
		CA54D98A1CB487AC008C2B4B /* Release */ = {
			isa = XCBuildConfiguration;
			buildSettings = {
				ALWAYS_SEARCH_USER_PATHS = NO;
				CLANG_CXX_LANGUAGE_STANDARD = "gnu++0x";
				CLANG_CXX_LIBRARY = "libc++";
				CLANG_ENABLE_MODULES = YES;
				CLANG_ENABLE_OBJC_ARC = YES;
				CLANG_WARN_BOOL_CONVERSION = YES;
				CLANG_WARN_CONSTANT_CONVERSION = YES;
				CLANG_WARN_DIRECT_OBJC_ISA_USAGE = YES_ERROR;
				CLANG_WARN_EMPTY_BODY = YES;
				CLANG_WARN_ENUM_CONVERSION = YES;
				CLANG_WARN_INT_CONVERSION = YES;
				CLANG_WARN_OBJC_ROOT_CLASS = YES_ERROR;
				CLANG_WARN_UNREACHABLE_CODE = YES;
				CLANG_WARN__DUPLICATE_METHOD_MATCH = YES;
				"CODE_SIGN_IDENTITY[sdk=iphoneos*]" = "iPhone Developer";
				COPY_PHASE_STRIP = NO;
				DEBUG_INFORMATION_FORMAT = "dwarf-with-dsym";
				ENABLE_NS_ASSERTIONS = NO;
				ENABLE_STRICT_OBJC_MSGSEND = YES;
				GCC_C_LANGUAGE_STANDARD = gnu99;
				GCC_NO_COMMON_BLOCKS = YES;
				GCC_WARN_64_TO_32_BIT_CONVERSION = YES;
				GCC_WARN_ABOUT_RETURN_TYPE = YES_ERROR;
				GCC_WARN_UNDECLARED_SELECTOR = YES;
				GCC_WARN_UNINITIALIZED_AUTOS = YES_AGGRESSIVE;
				GCC_WARN_UNUSED_FUNCTION = YES;
				GCC_WARN_UNUSED_VARIABLE = YES;
				IPHONEOS_DEPLOYMENT_TARGET = 9.2;
				MTL_ENABLE_DEBUG_INFO = NO;
				SDKROOT = iphoneos;
				TARGETED_DEVICE_FAMILY = "1,2";
				VALIDATE_PRODUCT = YES;
			};
			name = Release;
		};
		CA54D98C1CB487AC008C2B4B /* Debug */ = {
			isa = XCBuildConfiguration;
			baseConfigurationReference = 4E46FA77B32414BE47DADE00 /* Pods-CodeBlox.debug.xcconfig */;
			buildSettings = {
				ASSETCATALOG_COMPILER_APPICON_NAME = AppIcon;
				CODE_SIGN_IDENTITY = "iPhone Developer";
				"CODE_SIGN_IDENTITY[sdk=iphoneos*]" = "iPhone Developer";
				INFOPLIST_FILE = CodeBlox/Info.plist;
				IPHONEOS_DEPLOYMENT_TARGET = 9.0;
				LD_RUNPATH_SEARCH_PATHS = "$(inherited) @executable_path/Frameworks";
				PRODUCT_BUNDLE_IDENTIFIER = edu.nd.codeblox;
				PRODUCT_NAME = "$(TARGET_NAME)";
				PROVISIONING_PROFILE = "";
			};
			name = Debug;
		};
		CA54D98D1CB487AC008C2B4B /* Release */ = {
			isa = XCBuildConfiguration;
			baseConfigurationReference = AE796D87B4413432E9D5E68E /* Pods-CodeBlox.release.xcconfig */;
			buildSettings = {
				ASSETCATALOG_COMPILER_APPICON_NAME = AppIcon;
				CODE_SIGN_IDENTITY = "iPhone Developer";
				"CODE_SIGN_IDENTITY[sdk=iphoneos*]" = "iPhone Developer";
				INFOPLIST_FILE = CodeBlox/Info.plist;
				IPHONEOS_DEPLOYMENT_TARGET = 9.0;
				LD_RUNPATH_SEARCH_PATHS = "$(inherited) @executable_path/Frameworks";
				PRODUCT_BUNDLE_IDENTIFIER = edu.nd.codeblox;
				PRODUCT_NAME = "$(TARGET_NAME)";
				PROVISIONING_PROFILE = "";
			};
			name = Release;
		};
/* End XCBuildConfiguration section */

/* Begin XCConfigurationList section */
		CA54D9711CB487AC008C2B4B /* Build configuration list for PBXProject "CodeBlox" */ = {
			isa = XCConfigurationList;
			buildConfigurations = (
				CA54D9891CB487AC008C2B4B /* Debug */,
				CA54D98A1CB487AC008C2B4B /* Release */,
			);
			defaultConfigurationIsVisible = 0;
			defaultConfigurationName = Release;
		};
		CA54D98B1CB487AC008C2B4B /* Build configuration list for PBXNativeTarget "CodeBlox" */ = {
			isa = XCConfigurationList;
			buildConfigurations = (
				CA54D98C1CB487AC008C2B4B /* Debug */,
				CA54D98D1CB487AC008C2B4B /* Release */,
			);
			defaultConfigurationIsVisible = 0;
			defaultConfigurationName = Release;
		};
/* End XCConfigurationList section */

/* Begin XCVersionGroup section */
		CA54D9801CB487AC008C2B4B /* CodeBlox.xcdatamodeld */ = {
			isa = XCVersionGroup;
			children = (
				CA54D9811CB487AC008C2B4B /* CodeBlox.xcdatamodel */,
			);
			currentVersion = CA54D9811CB487AC008C2B4B /* CodeBlox.xcdatamodel */;
			path = CodeBlox.xcdatamodeld;
			sourceTree = "<group>";
			versionGroupType = wrapper.xcdatamodel;
		};
/* End XCVersionGroup section */
	};
	rootObject = CA54D96E1CB487AC008C2B4B /* Project object */;
}
